
Microsoft Visual Studio Solution File, Format Version 12.00
# Visual Studio Version 16
VisualStudioVersion = 16.0.30503.244
MinimumVisualStudioVersion = 10.0.40219.1
Project("{FAE04EC0-301F-11D3-BF4B-00C04F79EFBC}") = "TestTask1", "TestTask1\TestTask1.csproj", "{4E09A63A-8791-4ACF-979F-AF7BB2EF711F}"
EndProject
Global
	GlobalSection(SolutionConfigurationPlatforms) = preSolution
		Debug|Any CPU = Debug|Any CPU
		Release|Any CPU = Release|Any CPU
	EndGlobalSection
	GlobalSection(ProjectConfigurationPlatforms) = postSolution
		{4E09A63A-8791-4ACF-979F-AF7BB2EF711F}.Debug|Any CPU.ActiveCfg = Debug|Any CPU
		{4E09A63A-8791-4ACF-979F-AF7BB2EF711F}.Debug|Any CPU.Build.0 = Debug|Any CPU
		{4E09A63A-8791-4ACF-979F-AF7BB2EF711F}.Release|Any CPU.ActiveCfg = Release|Any CPU
		{4E09A63A-8791-4ACF-979F-AF7BB2EF711F}.Release|Any CPU.Build.0 = Release|Any CPU
	EndGlobalSection
	GlobalSection(SolutionProperties) = preSolution
		HideSolutionNode = FALSE
	EndGlobalSection
	GlobalSection(ExtensibilityGlobals) = postSolution
		SolutionGuid = {91A8AF3D-326F-47AF-A664-4A6F2B3905B3}
	EndGlobalSection
EndGlobal
